// !$*UTF8*$!
{
	archiveVersion = 1;
	classes = {
	};
	objectVersion = 46;
	objects = {

/* Begin PBXBuildFile section */
		C049AC801F5DA05500F9CFD3 /* AppDelegate.swift in Sources */ = {isa = PBXBuildFile; fileRef = C049AC7F1F5DA05500F9CFD3 /* AppDelegate.swift */; };
		C049AC821F5DA05500F9CFD3 /* ViewController.swift in Sources */ = {isa = PBXBuildFile; fileRef = C049AC811F5DA05500F9CFD3 /* ViewController.swift */; };
		C049AC851F5DA05500F9CFD3 /* Main.storyboard in Resources */ = {isa = PBXBuildFile; fileRef = C049AC831F5DA05500F9CFD3 /* Main.storyboard */; };
		C049AC871F5DA05500F9CFD3 /* Assets.xcassets in Resources */ = {isa = PBXBuildFile; fileRef = C049AC861F5DA05500F9CFD3 /* Assets.xcassets */; };
		C049AC8A1F5DA05500F9CFD3 /* LaunchScreen.storyboard in Resources */ = {isa = PBXBuildFile; fileRef = C049AC881F5DA05500F9CFD3 /* LaunchScreen.storyboard */; };
		C049AC941F5DB12D00F9CFD3 /* github.com.cer in Resources */ = {isa = PBXBuildFile; fileRef = C049AC921F5DB12D00F9CFD3 /* github.com.cer */; };
		C049AC951F5DB12D00F9CFD3 /* corrupted.cer in Resources */ = {isa = PBXBuildFile; fileRef = C049AC931F5DB12D00F9CFD3 /* corrupted.cer */; };
		EB65C5C62724B3557A42DC6E /* Pods_SSLPinningSwift.framework in Frameworks */ = {isa = PBXBuildFile; fileRef = 1C296FD40AED05B8453A4DEA /* Pods_SSLPinningSwift.framework */; };
/* End PBXBuildFile section */

/* Begin PBXFileReference section */
		1C296FD40AED05B8453A4DEA /* Pods_SSLPinningSwift.framework */ = {isa = PBXFileReference; explicitFileType = wrapper.framework; includeInIndex = 0; path = Pods_SSLPinningSwift.framework; sourceTree = BUILT_PRODUCTS_DIR; };
		24D8BBFDD94F2FF54F8EB1D4 /* Pods-SSLPinningSwift.release.xcconfig */ = {isa = PBXFileReference; includeInIndex = 1; lastKnownFileType = text.xcconfig; name = "Pods-SSLPinningSwift.release.xcconfig"; path = "Pods/Target Support Files/Pods-SSLPinningSwift/Pods-SSLPinningSwift.release.xcconfig"; sourceTree = "<group>"; };
		6E49343A65DCBC2FDD2020AD /* Pods-SSLPinningSwift.debug.xcconfig */ = {isa = PBXFileReference; includeInIndex = 1; lastKnownFileType = text.xcconfig; name = "Pods-SSLPinningSwift.debug.xcconfig"; path = "Pods/Target Support Files/Pods-SSLPinningSwift/Pods-SSLPinningSwift.debug.xcconfig"; sourceTree = "<group>"; };
		C049AC7C1F5DA05500F9CFD3 /* SSLPinningSwift.app */ = {isa = PBXFileReference; explicitFileType = wrapper.application; includeInIndex = 0; path = SSLPinningSwift.app; sourceTree = BUILT_PRODUCTS_DIR; };
		C049AC7F1F5DA05500F9CFD3 /* AppDelegate.swift */ = {isa = PBXFileReference; lastKnownFileType = sourcecode.swift; path = AppDelegate.swift; sourceTree = "<group>"; };
		C049AC811F5DA05500F9CFD3 /* ViewController.swift */ = {isa = PBXFileReference; lastKnownFileType = sourcecode.swift; path = ViewController.swift; sourceTree = "<group>"; };
		C049AC841F5DA05500F9CFD3 /* Base */ = {isa = PBXFileReference; lastKnownFileType = file.storyboard; name = Base; path = Base.lproj/Main.storyboard; sourceTree = "<group>"; };
		C049AC861F5DA05500F9CFD3 /* Assets.xcassets */ = {isa = PBXFileReference; lastKnownFileType = folder.assetcatalog; path = Assets.xcassets; sourceTree = "<group>"; };
		C049AC891F5DA05500F9CFD3 /* Base */ = {isa = PBXFileReference; lastKnownFileType = file.storyboard; name = Base; path = Base.lproj/LaunchScreen.storyboard; sourceTree = "<group>"; };
		C049AC8B1F5DA05500F9CFD3 /* Info.plist */ = {isa = PBXFileReference; lastKnownFileType = text.plist.xml; path = Info.plist; sourceTree = "<group>"; };
		C049AC921F5DB12D00F9CFD3 /* github.com.cer */ = {isa = PBXFileReference; lastKnownFileType = file; path = github.com.cer; sourceTree = "<group>"; };
		C049AC931F5DB12D00F9CFD3 /* corrupted.cer */ = {isa = PBXFileReference; lastKnownFileType = file; path = corrupted.cer; sourceTree = "<group>"; };
/* End PBXFileReference section */

/* Begin PBXFrameworksBuildPhase section */
		C049AC791F5DA05500F9CFD3 /* Frameworks */ = {
			isa = PBXFrameworksBuildPhase;
			buildActionMask = 2147483647;
			files = (
				EB65C5C62724B3557A42DC6E /* Pods_SSLPinningSwift.framework in Frameworks */,
			);
			runOnlyForDeploymentPostprocessing = 0;
		};
/* End PBXFrameworksBuildPhase section */

/* Begin PBXGroup section */
		792F8E040C3508C8F852AB7F /* Pods */ = {
			isa = PBXGroup;
			children = (
				6E49343A65DCBC2FDD2020AD /* Pods-SSLPinningSwift.debug.xcconfig */,
				24D8BBFDD94F2FF54F8EB1D4 /* Pods-SSLPinningSwift.release.xcconfig */,
			);
			name = Pods;
			sourceTree = "<group>";
		};
		8F107395038F07DDBB47D3FF /* Frameworks */ = {
			isa = PBXGroup;
			children = (
				1C296FD40AED05B8453A4DEA /* Pods_SSLPinningSwift.framework */,
			);
			name = Frameworks;
			sourceTree = "<group>";
		};
		C049AC731F5DA05500F9CFD3 = {
			isa = PBXGroup;
			children = (
				C049AC7E1F5DA05500F9CFD3 /* SSLPinningSwift */,
				C049AC7D1F5DA05500F9CFD3 /* Products */,
				792F8E040C3508C8F852AB7F /* Pods */,
				8F107395038F07DDBB47D3FF /* Frameworks */,
			);
			sourceTree = "<group>";
		};
		C049AC7D1F5DA05500F9CFD3 /* Products */ = {
			isa = PBXGroup;
			children = (
				C049AC7C1F5DA05500F9CFD3 /* SSLPinningSwift.app */,
			);
			name = Products;
			sourceTree = "<group>";
		};
		C049AC7E1F5DA05500F9CFD3 /* SSLPinningSwift */ = {
			isa = PBXGroup;
			children = (
				C049AC911F5DB11400F9CFD3 /* Resources */,
				C049AC7F1F5DA05500F9CFD3 /* AppDelegate.swift */,
				C049AC811F5DA05500F9CFD3 /* ViewController.swift */,
				C049AC831F5DA05500F9CFD3 /* Main.storyboard */,
				C049AC861F5DA05500F9CFD3 /* Assets.xcassets */,
				C049AC881F5DA05500F9CFD3 /* LaunchScreen.storyboard */,
				C049AC8B1F5DA05500F9CFD3 /* Info.plist */,
			);
			path = SSLPinningSwift;
			sourceTree = "<group>";
		};
		C049AC911F5DB11400F9CFD3 /* Resources */ = {
			isa = PBXGroup;
			children = (
				C049AC921F5DB12D00F9CFD3 /* github.com.cer */,
				C049AC931F5DB12D00F9CFD3 /* corrupted.cer */,
			);
			name = Resources;
			sourceTree = "<group>";
		};
/* End PBXGroup section */

/* Begin PBXNativeTarget section */
		C049AC7B1F5DA05500F9CFD3 /* SSLPinningSwift */ = {
			isa = PBXNativeTarget;
			buildConfigurationList = C049AC8E1F5DA05500F9CFD3 /* Build configuration list for PBXNativeTarget "SSLPinningSwift" */;
			buildPhases = (
				ECDE8F1D07D4107EAA77764A /* [CP] Check Pods Manifest.lock */,
				C049AC781F5DA05500F9CFD3 /* Sources */,
				C049AC791F5DA05500F9CFD3 /* Frameworks */,
				C049AC7A1F5DA05500F9CFD3 /* Resources */,
				82AF10E45D707123DCFFC8DF /* [CP] Embed Pods Frameworks */,
				6242877977AC82353FFB918D /* [CP] Copy Pods Resources */,
			);
			buildRules = (
			);
			dependencies = (
			);
			name = SSLPinningSwift;
			productName = SSLPinningSwift;
			productReference = C049AC7C1F5DA05500F9CFD3 /* SSLPinningSwift.app */;
			productType = "com.apple.product-type.application";
		};
/* End PBXNativeTarget section */

/* Begin PBXProject section */
		C049AC741F5DA05500F9CFD3 /* Project object */ = {
			isa = PBXProject;
			attributes = {
				LastSwiftUpdateCheck = 0830;
				LastUpgradeCheck = 0830;
				ORGANIZATIONNAME = "Silver Seahog";
				TargetAttributes = {
					C049AC7B1F5DA05500F9CFD3 = {
						CreatedOnToolsVersion = 8.3.3;
						ProvisioningStyle = Automatic;
					};
				};
			};
			buildConfigurationList = C049AC771F5DA05500F9CFD3 /* Build configuration list for PBXProject "SSLPinningSwift" */;
			compatibilityVersion = "Xcode 3.2";
			developmentRegion = English;
			hasScannedForEncodings = 0;
			knownRegions = (
				en,
				Base,
			);
			mainGroup = C049AC731F5DA05500F9CFD3;
			productRefGroup = C049AC7D1F5DA05500F9CFD3 /* Products */;
			projectDirPath = "";
			projectRoot = "";
			targets = (
				C049AC7B1F5DA05500F9CFD3 /* SSLPinningSwift */,
			);
		};
/* End PBXProject section */

/* Begin PBXResourcesBuildPhase section */
		C049AC7A1F5DA05500F9CFD3 /* Resources */ = {
			isa = PBXResourcesBuildPhase;
			buildActionMask = 2147483647;
			files = (
				C049AC8A1F5DA05500F9CFD3 /* LaunchScreen.storyboard in Resources */,
				C049AC951F5DB12D00F9CFD3 /* corrupted.cer in Resources */,
				C049AC871F5DA05500F9CFD3 /* Assets.xcassets in Resources */,
				C049AC941F5DB12D00F9CFD3 /* github.com.cer in Resources */,
				C049AC851F5DA05500F9CFD3 /* Main.storyboard in Resources */,
			);
			runOnlyForDeploymentPostprocessing = 0;
		};
/* End PBXResourcesBuildPhase section */

/* Begin PBXShellScriptBuildPhase section */
		6242877977AC82353FFB918D /* [CP] Copy Pods Resources */ = {
			isa = PBXShellScriptBuildPhase;
			buildActionMask = 2147483647;
			files = (
			);
			inputPaths = (
			);
			name = "[CP] Copy Pods Resources";
			outputPaths = (
			);
			runOnlyForDeploymentPostprocessing = 0;
			shellPath = /bin/sh;
			shellScript = "\"${SRCROOT}/Pods/Target Support Files/Pods-SSLPinningSwift/Pods-SSLPinningSwift-resources.sh\"\n";
			showEnvVarsInLog = 0;
		};
		82AF10E45D707123DCFFC8DF /* [CP] Embed Pods Frameworks */ = {
			isa = PBXShellScriptBuildPhase;
			buildActionMask = 2147483647;
			files = (
			);
			inputPaths = (
			);
			name = "[CP] Embed Pods Frameworks";
			outputPaths = (
			);
			runOnlyForDeploymentPostprocessing = 0;
			shellPath = /bin/sh;
			shellScript = "\"${SRCROOT}/Pods/Target Support Files/Pods-SSLPinningSwift/Pods-SSLPinningSwift-frameworks.sh\"\n";
			showEnvVarsInLog = 0;
		};
		ECDE8F1D07D4107EAA77764A /* [CP] Check Pods Manifest.lock */ = {
			isa = PBXShellScriptBuildPhase;
			buildActionMask = 2147483647;
			files = (
			);
			inputPaths = (
			);
			name = "[CP] Check Pods Manifest.lock";
			outputPaths = (
			);
			runOnlyForDeploymentPostprocessing = 0;
			shellPath = /bin/sh;
			shellScript = "diff \"${PODS_PODFILE_DIR_PATH}/Podfile.lock\" \"${PODS_ROOT}/Manifest.lock\" > /dev/null\nif [ $? != 0 ] ; then\n    # print error to STDERR\n    echo \"error: The sandbox is not in sync with the Podfile.lock. Run 'pod install' or update your CocoaPods installation.\" >&2\n    exit 1\nfi\n";
			showEnvVarsInLog = 0;
		};
/* End PBXShellScriptBuildPhase section */

/* Begin PBXSourcesBuildPhase section */
		C049AC781F5DA05500F9CFD3 /* Sources */ = {
			isa = PBXSourcesBuildPhase;
			buildActionMask = 2147483647;
			files = (
				C049AC821F5DA05500F9CFD3 /* ViewController.swift in Sources */,
				C049AC801F5DA05500F9CFD3 /* AppDelegate.swift in Sources */,
			);
			runOnlyForDeploymentPostprocessing = 0;
		};
/* End PBXSourcesBuildPhase section */

/* Begin PBXVariantGroup section */
		C049AC831F5DA05500F9CFD3 /* Main.storyboard */ = {
			isa = PBXVariantGroup;
			children = (
				C049AC841F5DA05500F9CFD3 /* Base */,
			);
			name = Main.storyboard;
			sourceTree = "<group>";
		};
		C049AC881F5DA05500F9CFD3 /* LaunchScreen.storyboard */ = {
			isa = PBXVariantGroup;
			children = (
				C049AC891F5DA05500F9CFD3 /* Base */,
			);
			name = LaunchScreen.storyboard;
			sourceTree = "<group>";
		};
/* End PBXVariantGroup section */

/* Begin XCBuildConfiguration section */
		C049AC8C1F5DA05500F9CFD3 /* Debug */ = {
			isa = XCBuildConfiguration;
			buildSettings = {
				ALWAYS_SEARCH_USER_PATHS = NO;
				CLANG_ANALYZER_NONNULL = YES;
				CLANG_ANALYZER_NUMBER_OBJECT_CONVERSION = YES_AGGRESSIVE;
				CLANG_CXX_LANGUAGE_STANDARD = "gnu++0x";
				CLANG_CXX_LIBRARY = "libc++";
				CLANG_ENABLE_MODULES = YES;
				CLANG_ENABLE_OBJC_ARC = YES;
				CLANG_WARN_BOOL_CONVERSION = YES;
				CLANG_WARN_CONSTANT_CONVERSION = YES;
				CLANG_WARN_DIRECT_OBJC_ISA_USAGE = YES_ERROR;
				CLANG_WARN_DOCUMENTATION_COMMENTS = YES;
				CLANG_WARN_EMPTY_BODY = YES;
				CLANG_WARN_ENUM_CONVERSION = YES;
				CLANG_WARN_INFINITE_RECURSION = YES;
				CLANG_WARN_INT_CONVERSION = YES;
				CLANG_WARN_OBJC_ROOT_CLASS = YES_ERROR;
				CLANG_WARN_SUSPICIOUS_MOVE = YES;
				CLANG_WARN_UNREACHABLE_CODE = YES;
				CLANG_WARN__DUPLICATE_METHOD_MATCH = YES;
				"CODE_SIGN_IDENTITY[sdk=iphoneos*]" = "iPhone Developer";
				COPY_PHASE_STRIP = NO;
				DEBUG_INFORMATION_FORMAT = dwarf;
				ENABLE_STRICT_OBJC_MSGSEND = YES;
				ENABLE_TESTABILITY = YES;
				GCC_C_LANGUAGE_STANDARD = gnu99;
				GCC_DYNAMIC_NO_PIC = NO;
				GCC_NO_COMMON_BLOCKS = YES;
				GCC_OPTIMIZATION_LEVEL = 0;
				GCC_PREPROCESSOR_DEFINITIONS = (
					"DEBUG=1",
					"$(inherited)",
				);
				GCC_WARN_64_TO_32_BIT_CONVERSION = YES;
				GCC_WARN_ABOUT_RETURN_TYPE = YES_ERROR;
				GCC_WARN_UNDECLARED_SELECTOR = YES;
				GCC_WARN_UNINITIALIZED_AUTOS = YES_AGGRESSIVE;
				GCC_WARN_UNUSED_FUNCTION = YES;
				GCC_WARN_UNUSED_VARIABLE = YES;
				IPHONEOS_DEPLOYMENT_TARGET = 10.3;
				MTL_ENABLE_DEBUG_INFO = YES;
				ONLY_ACTIVE_ARCH = YES;
				SDKROOT = iphoneos;
				SWIFT_ACTIVE_COMPILATION_CONDITIONS = DEBUG;
				SWIFT_OPTIMIZATION_LEVEL = "-Onone";
				TARGETED_DEVICE_FAMILY = "1,2";
			};
			name = Debug;
		};
		C049AC8D1F5DA05500F9CFD3 /* Release */ = {
			isa = XCBuildConfiguration;
			buildSettings = {
				ALWAYS_SEARCH_USER_PATHS = NO;
				CLANG_ANALYZER_NONNULL = YES;
				CLANG_ANALYZER_NUMBER_OBJECT_CONVERSION = YES_AGGRESSIVE;
				CLANG_CXX_LANGUAGE_STANDARD = "gnu++0x";
				CLANG_CXX_LIBRARY = "libc++";
				CLANG_ENABLE_MODULES = YES;
				CLANG_ENABLE_OBJC_ARC = YES;
				CLANG_WARN_BOOL_CONVERSION = YES;
				CLANG_WARN_CONSTANT_CONVERSION = YES;
				CLANG_WARN_DIRECT_OBJC_ISA_USAGE = YES_ERROR;
				CLANG_WARN_DOCUMENTATION_COMMENTS = YES;
				CLANG_WARN_EMPTY_BODY = YES;
				CLANG_WARN_ENUM_CONVERSION = YES;
				CLANG_WARN_INFINITE_RECURSION = YES;
				CLANG_WARN_INT_CONVERSION = YES;
				CLANG_WARN_OBJC_ROOT_CLASS = YES_ERROR;
				CLANG_WARN_SUSPICIOUS_MOVE = YES;
				CLANG_WARN_UNREACHABLE_CODE = YES;
				CLANG_WARN__DUPLICATE_METHOD_MATCH = YES;
				"CODE_SIGN_IDENTITY[sdk=iphoneos*]" = "iPhone Developer";
				COPY_PHASE_STRIP = NO;
				DEBUG_INFORMATION_FORMAT = "dwarf-with-dsym";
				ENABLE_NS_ASSERTIONS = NO;
				ENABLE_STRICT_OBJC_MSGSEND = YES;
				GCC_C_LANGUAGE_STANDARD = gnu99;
				GCC_NO_COMMON_BLOCKS = YES;
				GCC_WARN_64_TO_32_BIT_CONVERSION = YES;
				GCC_WARN_ABOUT_RETURN_TYPE = YES_ERROR;
				GCC_WARN_UNDECLARED_SELECTOR = YES;
				GCC_WARN_UNINITIALIZED_AUTOS = YES_AGGRESSIVE;
				GCC_WARN_UNUSED_FUNCTION = YES;
				GCC_WARN_UNUSED_VARIABLE = YES;
				IPHONEOS_DEPLOYMENT_TARGET = 10.3;
				MTL_ENABLE_DEBUG_INFO = NO;
				SDKROOT = iphoneos;
				SWIFT_OPTIMIZATION_LEVEL = "-Owholemodule";
				TARGETED_DEVICE_FAMILY = "1,2";
				VALIDATE_PRODUCT = YES;
			};
			name = Release;
		};
		C049AC8F1F5DA05500F9CFD3 /* Debug */ = {
			isa = XCBuildConfiguration;
			baseConfigurationReference = 6E49343A65DCBC2FDD2020AD /* Pods-SSLPinningSwift.debug.xcconfig */;
			buildSettings = {
				ASSETCATALOG_COMPILER_APPICON_NAME = AppIcon;
				INFOPLIST_FILE = SSLPinningSwift/Info.plist;
				LD_RUNPATH_SEARCH_PATHS = "$(inherited) @executable_path/Frameworks";
				PRODUCT_BUNDLE_IDENTIFIER = com.silverseahog.SSLPinningSwift;
				PRODUCT_NAME = "$(TARGET_NAME)";
				SWIFT_VERSION = 3.0;
			};
			name = Debug;
		};
		C049AC901F5DA05500F9CFD3 /* Release */ = {
			isa = XCBuildConfiguration;
			baseConfigurationReference = 24D8BBFDD94F2FF54F8EB1D4 /* Pods-SSLPinningSwift.release.xcconfig */;
			buildSettings = {
				ASSETCATALOG_COMPILER_APPICON_NAME = AppIcon;
				INFOPLIST_FILE = SSLPinningSwift/Info.plist;
				LD_RUNPATH_SEARCH_PATHS = "$(inherited) @executable_path/Frameworks";
				PRODUCT_BUNDLE_IDENTIFIER = com.silverseahog.SSLPinningSwift;
				PRODUCT_NAME = "$(TARGET_NAME)";
				SWIFT_VERSION = 3.0;
			};
			name = Release;
		};
/* End XCBuildConfiguration section */

/* Begin XCConfigurationList section */
		C049AC771F5DA05500F9CFD3 /* Build configuration list for PBXProject "SSLPinningSwift" */ = {
			isa = XCConfigurationList;
			buildConfigurations = (
				C049AC8C1F5DA05500F9CFD3 /* Debug */,
				C049AC8D1F5DA05500F9CFD3 /* Release */,
			);
			defaultConfigurationIsVisible = 0;
			defaultConfigurationName = Release;
		};
		C049AC8E1F5DA05500F9CFD3 /* Build configuration list for PBXNativeTarget "SSLPinningSwift" */ = {
			isa = XCConfigurationList;
			buildConfigurations = (
				C049AC8F1F5DA05500F9CFD3 /* Debug */,
				C049AC901F5DA05500F9CFD3 /* Release */,
			);
			defaultConfigurationIsVisible = 0;
			defaultConfigurationName = Release;
		};
/* End XCConfigurationList section */
	};
	rootObject = C049AC741F5DA05500F9CFD3 /* Project object */;
}
